
Microsoft Visual Studio Solution File, Format Version 12.00
# Visual Studio Version 16
VisualStudioVersion = 16.0.31911.196
MinimumVisualStudioVersion = 10.0.40219.1
Project("{9A19103F-16F7-4668-BE54-9A1E7A4F7556}") = "Server", "src\Server\Server.csproj", "{921FB2CF-47CD-44B7-8A0E-8FF597AF6F16}"
EndProject
Project("{9A19103F-16F7-4668-BE54-9A1E7A4F7556}") = "ServiceLayer", "src\ServiceLayer\ServiceLayer.csproj", "{0BAB15D9-56B7-4F40-83F3-E5B78A2B536C}"
EndProject
Project("{9A19103F-16F7-4668-BE54-9A1E7A4F7556}") = "DomainObjects", "src\DomainObjects\DomainObjects.csproj", "{3B2D4A90-4947-4C7A-9B12-239A63CC111E}"
EndProject
Project("{9A19103F-16F7-4668-BE54-9A1E7A4F7556}") = "MariaDBGateway", "src\MariaDBGateway\MariaDBGateway.csproj", "{A3AA969C-E89F-4482-9106-189921E8ABB4}"
EndProject
Project("{9A19103F-16F7-4668-BE54-9A1E7A4F7556}") = "MariaDBMappers", "src\MariaDBMappers\MariaDBMappers.csproj", "{ADFE0407-9660-4DD7-A427-1031F325EA11}"
EndProject
Project("{9A19103F-16F7-4668-BE54-9A1E7A4F7556}") = "XMLGateway", "src\XMLGateway\XMLGateway.csproj", "{17204958-FA37-4F02-A890-9C7F2ADA5CC2}"
EndProject
Project("{9A19103F-16F7-4668-BE54-9A1E7A4F7556}") = "XMLMappers", "src\XMLMappers\XMLMappers.csproj", "{0C567E49-61C1-4341-ACA4-4EB6D1AFDCE0}"
EndProject
Global
	GlobalSection(SolutionConfigurationPlatforms) = preSolution
		Debug|Any CPU = Debug|Any CPU
		Release|Any CPU = Release|Any CPU
	EndGlobalSection
	GlobalSection(ProjectConfigurationPlatforms) = postSolution
		{921FB2CF-47CD-44B7-8A0E-8FF597AF6F16}.Debug|Any CPU.ActiveCfg = Debug|Any CPU
		{921FB2CF-47CD-44B7-8A0E-8FF597AF6F16}.Debug|Any CPU.Build.0 = Debug|Any CPU
		{921FB2CF-47CD-44B7-8A0E-8FF597AF6F16}.Release|Any CPU.ActiveCfg = Release|Any CPU
		{921FB2CF-47CD-44B7-8A0E-8FF597AF6F16}.Release|Any CPU.Build.0 = Release|Any CPU
		{0BAB15D9-56B7-4F40-83F3-E5B78A2B536C}.Debug|Any CPU.ActiveCfg = Debug|Any CPU
		{0BAB15D9-56B7-4F40-83F3-E5B78A2B536C}.Debug|Any CPU.Build.0 = Debug|Any CPU
		{0BAB15D9-56B7-4F40-83F3-E5B78A2B536C}.Release|Any CPU.ActiveCfg = Release|Any CPU
		{0BAB15D9-56B7-4F40-83F3-E5B78A2B536C}.Release|Any CPU.Build.0 = Release|Any CPU
		{3B2D4A90-4947-4C7A-9B12-239A63CC111E}.Debug|Any CPU.ActiveCfg = Debug|Any CPU
		{3B2D4A90-4947-4C7A-9B12-239A63CC111E}.Debug|Any CPU.Build.0 = Debug|Any CPU
		{3B2D4A90-4947-4C7A-9B12-239A63CC111E}.Release|Any CPU.ActiveCfg = Release|Any CPU
		{3B2D4A90-4947-4C7A-9B12-239A63CC111E}.Release|Any CPU.Build.0 = Release|Any CPU
		{A3AA969C-E89F-4482-9106-189921E8ABB4}.Debug|Any CPU.ActiveCfg = Debug|Any CPU
		{A3AA969C-E89F-4482-9106-189921E8ABB4}.Debug|Any CPU.Build.0 = Debug|Any CPU
		{A3AA969C-E89F-4482-9106-189921E8ABB4}.Release|Any CPU.ActiveCfg = Release|Any CPU
		{A3AA969C-E89F-4482-9106-189921E8ABB4}.Release|Any CPU.Build.0 = Release|Any CPU
		{ADFE0407-9660-4DD7-A427-1031F325EA11}.Debug|Any CPU.ActiveCfg = Debug|Any CPU
		{ADFE0407-9660-4DD7-A427-1031F325EA11}.Debug|Any CPU.Build.0 = Debug|Any CPU
		{ADFE0407-9660-4DD7-A427-1031F325EA11}.Release|Any CPU.ActiveCfg = Release|Any CPU
		{ADFE0407-9660-4DD7-A427-1031F325EA11}.Release|Any CPU.Build.0 = Release|Any CPU
		{17204958-FA37-4F02-A890-9C7F2ADA5CC2}.Debug|Any CPU.ActiveCfg = Debug|Any CPU
		{17204958-FA37-4F02-A890-9C7F2ADA5CC2}.Debug|Any CPU.Build.0 = Debug|Any CPU
		{17204958-FA37-4F02-A890-9C7F2ADA5CC2}.Release|Any CPU.ActiveCfg = Release|Any CPU
		{17204958-FA37-4F02-A890-9C7F2ADA5CC2}.Release|Any CPU.Build.0 = Release|Any CPU
		{0C567E49-61C1-4341-ACA4-4EB6D1AFDCE0}.Debug|Any CPU.ActiveCfg = Debug|Any CPU
		{0C567E49-61C1-4341-ACA4-4EB6D1AFDCE0}.Debug|Any CPU.Build.0 = Debug|Any CPU
		{0C567E49-61C1-4341-ACA4-4EB6D1AFDCE0}.Release|Any CPU.ActiveCfg = Release|Any CPU
		{0C567E49-61C1-4341-ACA4-4EB6D1AFDCE0}.Release|Any CPU.Build.0 = Release|Any CPU
	EndGlobalSection
	GlobalSection(SolutionProperties) = preSolution
		HideSolutionNode = FALSE
	EndGlobalSection
	GlobalSection(ExtensibilityGlobals) = postSolution
		SolutionGuid = {12C5C881-2F46-40D1-B37F-87C4FF081C55}
	EndGlobalSection
EndGlobal
